
Microsoft Visual Studio Solution File, Format Version 12.00
# Visual Studio 2013
VisualStudioVersion = 12.0.40629.0
MinimumVisualStudioVersion = 10.0.40219.1
Project("{FAE04EC0-301F-11D3-BF4B-00C04F79EFBC}") = "RedTooth.Core", "RedTooth.Core\RedTooth.Core.csproj", "{7E62BB9A-BB87-434E-9C6E-70BF93EED44A}"
EndProject
Project("{FAE04EC0-301F-11D3-BF4B-00C04F79EFBC}") = "RedTooth.App", "RedTooth.App\RedTooth.App.csproj", "{7355E2C1-A623-4869-B2E4-C6B12AEC8304}"
EndProject
Project("{FAE04EC0-301F-11D3-BF4B-00C04F79EFBC}") = "RedTooth.UIApp", "RedTooth.UIApp\RedTooth.UIApp.csproj", "{09766638-2D19-46E6-A3A4-010F605E4448}"
EndProject
Global
	GlobalSection(SolutionConfigurationPlatforms) = preSolution
		Debug|Any CPU = Debug|Any CPU
		Debug|x86 = Debug|x86
		Release|Any CPU = Release|Any CPU
		Release|x86 = Release|x86
	EndGlobalSection
	GlobalSection(ProjectConfigurationPlatforms) = postSolution
		{7E62BB9A-BB87-434E-9C6E-70BF93EED44A}.Debug|Any CPU.ActiveCfg = Debug|Any CPU
		{7E62BB9A-BB87-434E-9C6E-70BF93EED44A}.Debug|Any CPU.Build.0 = Debug|Any CPU
		{7E62BB9A-BB87-434E-9C6E-70BF93EED44A}.Debug|x86.ActiveCfg = Debug|Any CPU
		{7E62BB9A-BB87-434E-9C6E-70BF93EED44A}.Debug|x86.Build.0 = Debug|Any CPU
		{7E62BB9A-BB87-434E-9C6E-70BF93EED44A}.Release|Any CPU.ActiveCfg = Release|Any CPU
		{7E62BB9A-BB87-434E-9C6E-70BF93EED44A}.Release|Any CPU.Build.0 = Release|Any CPU
		{7E62BB9A-BB87-434E-9C6E-70BF93EED44A}.Release|x86.ActiveCfg = Release|Any CPU
		{7E62BB9A-BB87-434E-9C6E-70BF93EED44A}.Release|x86.Build.0 = Release|Any CPU
		{7355E2C1-A623-4869-B2E4-C6B12AEC8304}.Debug|Any CPU.ActiveCfg = Debug|Any CPU
		{7355E2C1-A623-4869-B2E4-C6B12AEC8304}.Debug|Any CPU.Build.0 = Debug|Any CPU
		{7355E2C1-A623-4869-B2E4-C6B12AEC8304}.Debug|x86.ActiveCfg = Debug|Any CPU
		{7355E2C1-A623-4869-B2E4-C6B12AEC8304}.Debug|x86.Build.0 = Debug|Any CPU
		{7355E2C1-A623-4869-B2E4-C6B12AEC8304}.Release|Any CPU.ActiveCfg = Release|Any CPU
		{7355E2C1-A623-4869-B2E4-C6B12AEC8304}.Release|Any CPU.Build.0 = Release|Any CPU
		{7355E2C1-A623-4869-B2E4-C6B12AEC8304}.Release|x86.ActiveCfg = Release|Any CPU
		{7355E2C1-A623-4869-B2E4-C6B12AEC8304}.Release|x86.Build.0 = Release|Any CPU
		{09766638-2D19-46E6-A3A4-010F605E4448}.Debug|Any CPU.ActiveCfg = Debug|Any CPU
		{09766638-2D19-46E6-A3A4-010F605E4448}.Debug|Any CPU.Build.0 = Debug|Any CPU
		{09766638-2D19-46E6-A3A4-010F605E4448}.Debug|x86.ActiveCfg = Debug|Any CPU
		{09766638-2D19-46E6-A3A4-010F605E4448}.Debug|x86.Build.0 = Debug|Any CPU
		{09766638-2D19-46E6-A3A4-010F605E4448}.Release|Any CPU.ActiveCfg = Release|Any CPU
		{09766638-2D19-46E6-A3A4-010F605E4448}.Release|Any CPU.Build.0 = Release|Any CPU
		{09766638-2D19-46E6-A3A4-010F605E4448}.Release|x86.ActiveCfg = Release|Any CPU
		{09766638-2D19-46E6-A3A4-010F605E4448}.Release|x86.Build.0 = Release|Any CPU
	EndGlobalSection
	GlobalSection(SolutionProperties) = preSolution
		HideSolutionNode = FALSE
	EndGlobalSection
EndGlobal
